
Microsoft Visual Studio Solution File, Format Version 12.00
# Visual Studio Version 16
VisualStudioVersion = 16.0.29613.14
MinimumVisualStudioVersion = 10.0.40219.1
Project("{FAE04EC0-301F-11D3-BF4B-00C04F79EFBC}") = "GFinance", "GFinance\GFinance.csproj", "{D4BD033C-42D8-4E41-A565-381FEDC434B7}"
EndProject
Global
	GlobalSection(SolutionConfigurationPlatforms) = preSolution
		Debug|Any CPU = Debug|Any CPU
		Release|Any CPU = Release|Any CPU
	EndGlobalSection
	GlobalSection(ProjectConfigurationPlatforms) = postSolution
		{D4BD033C-42D8-4E41-A565-381FEDC434B7}.Debug|Any CPU.ActiveCfg = Debug|Any CPU
		{D4BD033C-42D8-4E41-A565-381FEDC434B7}.Debug|Any CPU.Build.0 = Debug|Any CPU
		{D4BD033C-42D8-4E41-A565-381FEDC434B7}.Release|Any CPU.ActiveCfg = Release|Any CPU
		{D4BD033C-42D8-4E41-A565-381FEDC434B7}.Release|Any CPU.Build.0 = Release|Any CPU
	EndGlobalSection
	GlobalSection(SolutionProperties) = preSolution
		HideSolutionNode = FALSE
	EndGlobalSection
	GlobalSection(ExtensibilityGlobals) = postSolution
		SolutionGuid = {8429A1AF-0D47-4A50-A0C3-17242615E0D6}
	EndGlobalSection
EndGlobal
